speakeasyVersion: 1.358.0
sources:
    json-development:
        sourceNamespace: json-development
        sourceRevisionDigest: sha256:30e77a5850b7ada536c0bf754812d56749806547b761d865cdbd78fad6576667
        sourceBlobDigest: sha256:7ef527ac60b7535778d90e8634adfc412fc6c2b5b75644bbe84589b00e6c11c3
        tags:
            - latest
            - main
targets:
    my-first-target:
        source: json-development
        sourceNamespace: json-development
        sourceRevisionDigest: sha256:30e77a5850b7ada536c0bf754812d56749806547b761d865cdbd78fad6576667
        sourceBlobDigest: sha256:7ef527ac60b7535778d90e8634adfc412fc6c2b5b75644bbe84589b00e6c11c3
        codeSamplesNamespace: code-samples-typescript
        codeSamplesRevisionDigest: sha256:9f7cd550bf36de2e696c3d940c05507b9c8daf1ea043e1e38ca7bf19fe0a39bc
        outLocation: /github/workspace/repo
workflow:
    workflowVersion: 1.0.0
    speakeasyVersion: latest
    sources:
        json-development:
            inputs:
                - location: http://api.novu.co/openapi.sdk.json
            overlays:
                - location: ./sources/cleanup-overlay.yaml
            output: sources/json-development.json
            registry:
                location: registry.speakeasyapi.dev/novu/novu/json-development
    targets:
        my-first-target:
            target: typescript
            source: json-development
            publish:
                npm:
                    token: $npm_token
            codeSamples:
                output: sources/code-samples.yaml
                registry:
                    location: registry.speakeasyapi.dev/novu/novu/code-samples-typescript
